// !$*UTF8*$!
{
	archiveVersion = 1;
	classes = {
	};
	objectVersion = 56;
	objects = {

/* Begin PBXBuildFile section */
		354A4D012C7F79630078E6D0 /* AppDelegate.swift in Sources */ = {isa = PBXBuildFile; fileRef = 354A4D002C7F79630078E6D0 /* AppDelegate.swift */; };
		354A4D032C7F79630078E6D0 /* SceneDelegate.swift in Sources */ = {isa = PBXBuildFile; fileRef = 354A4D022C7F79630078E6D0 /* SceneDelegate.swift */; };
		354A4D052C7F79630078E6D0 /* ViewController.swift in Sources */ = {isa = PBXBuildFile; fileRef = 354A4D042C7F79630078E6D0 /* ViewController.swift */; };
		354A4D082C7F79630078E6D0 /* Base in Resources */ = {isa = PBXBuildFile; fileRef = 354A4D072C7F79630078E6D0 /* Base */; };
		354A4D0A2C7F79640078E6D0 /* Assets.xcassets in Resources */ = {isa = PBXBuildFile; fileRef = 354A4D092C7F79640078E6D0 /* Assets.xcassets */; };
		354A4D0D2C7F79640078E6D0 /* Base in Resources */ = {isa = PBXBuildFile; fileRef = 354A4D0C2C7F79640078E6D0 /* Base */; };
		354A4D182C7F79640078E6D0 /* Calculadora_LolaTests.swift in Sources */ = {isa = PBXBuildFile; fileRef = 354A4D172C7F79640078E6D0 /* Calculadora_LolaTests.swift */; };
		354A4D222C7F79640078E6D0 /* Calculadora_LolaUITests.swift in Sources */ = {isa = PBXBuildFile; fileRef = 354A4D212C7F79640078E6D0 /* Calculadora_LolaUITests.swift */; };
		354A4D242C7F79640078E6D0 /* Calculadora_LolaUITestsLaunchTests.swift in Sources */ = {isa = PBXBuildFile; fileRef = 354A4D232C7F79640078E6D0 /* Calculadora_LolaUITestsLaunchTests.swift */; };
		FBDF06512C8B588B00FDBFA7 /* InterfazBotones.swift in Sources */ = {isa = PBXBuildFile; fileRef = FBDF06502C8B588B00FDBFA7 /* InterfazBotones.swift */; };
/* End PBXBuildFile section */

/* Begin PBXContainerItemProxy section */
		354A4D142C7F79640078E6D0 /* PBXContainerItemProxy */ = {
			isa = PBXContainerItemProxy;
			containerPortal = 354A4CF52C7F79630078E6D0 /* Project object */;
			proxyType = 1;
			remoteGlobalIDString = 354A4CFC2C7F79630078E6D0;
			remoteInfo = "Calculadora Lola";
		};
		354A4D1E2C7F79640078E6D0 /* PBXContainerItemProxy */ = {
			isa = PBXContainerItemProxy;
			containerPortal = 354A4CF52C7F79630078E6D0 /* Project object */;
			proxyType = 1;
			remoteGlobalIDString = 354A4CFC2C7F79630078E6D0;
			remoteInfo = "Calculadora Lola";
		};
/* End PBXContainerItemProxy section */

/* Begin PBXFileReference section */
		354A4CFD2C7F79630078E6D0 /* Calculadora Lola.app */ = {isa = PBXFileReference; explicitFileType = wrapper.application; includeInIndex = 0; path = "Calculadora Lola.app"; sourceTree = BUILT_PRODUCTS_DIR; };
		354A4D002C7F79630078E6D0 /* AppDelegate.swift */ = {isa = PBXFileReference; lastKnownFileType = sourcecode.swift; path = AppDelegate.swift; sourceTree = "<group>"; };
		354A4D022C7F79630078E6D0 /* SceneDelegate.swift */ = {isa = PBXFileReference; lastKnownFileType = sourcecode.swift; path = SceneDelegate.swift; sourceTree = "<group>"; };
		354A4D042C7F79630078E6D0 /* ViewController.swift */ = {isa = PBXFileReference; lastKnownFileType = sourcecode.swift; path = ViewController.swift; sourceTree = "<group>"; };
		354A4D072C7F79630078E6D0 /* Base */ = {isa = PBXFileReference; lastKnownFileType = file.storyboard; name = Base; path = Base.lproj/Main.storyboard; sourceTree = "<group>"; };
		354A4D092C7F79640078E6D0 /* Assets.xcassets */ = {isa = PBXFileReference; lastKnownFileType = folder.assetcatalog; path = Assets.xcassets; sourceTree = "<group>"; };
		354A4D0C2C7F79640078E6D0 /* Base */ = {isa = PBXFileReference; lastKnownFileType = file.storyboard; name = Base; path = Base.lproj/LaunchScreen.storyboard; sourceTree = "<group>"; };
		354A4D0E2C7F79640078E6D0 /* Info.plist */ = {isa = PBXFileReference; lastKnownFileType = text.plist.xml; path = Info.plist; sourceTree = "<group>"; };
		354A4D132C7F79640078E6D0 /* Calculadora LolaTests.xctest */ = {isa = PBXFileReference; explicitFileType = wrapper.cfbundle; includeInIndex = 0; path = "Calculadora LolaTests.xctest"; sourceTree = BUILT_PRODUCTS_DIR; };
		354A4D172C7F79640078E6D0 /* Calculadora_LolaTests.swift */ = {isa = PBXFileReference; lastKnownFileType = sourcecode.swift; path = Calculadora_LolaTests.swift; sourceTree = "<group>"; };
		354A4D1D2C7F79640078E6D0 /* Calculadora LolaUITests.xctest */ = {isa = PBXFileReference; explicitFileType = wrapper.cfbundle; includeInIndex = 0; path = "Calculadora LolaUITests.xctest"; sourceTree = BUILT_PRODUCTS_DIR; };
		354A4D212C7F79640078E6D0 /* Calculadora_LolaUITests.swift */ = {isa = PBXFileReference; lastKnownFileType = sourcecode.swift; path = Calculadora_LolaUITests.swift; sourceTree = "<group>"; };
		354A4D232C7F79640078E6D0 /* Calculadora_LolaUITestsLaunchTests.swift */ = {isa = PBXFileReference; lastKnownFileType = sourcecode.swift; path = Calculadora_LolaUITestsLaunchTests.swift; sourceTree = "<group>"; };
		FBDF06502C8B588B00FDBFA7 /* InterfazBotones.swift */ = {isa = PBXFileReference; lastKnownFileType = sourcecode.swift; path = InterfazBotones.swift; sourceTree = "<group>"; };
/* End PBXFileReference section */

/* Begin PBXFrameworksBuildPhase section */
		354A4CFA2C7F79630078E6D0 /* Frameworks */ = {
			isa = PBXFrameworksBuildPhase;
			buildActionMask = 2147483647;
			files = (
			);
			runOnlyForDeploymentPostprocessing = 0;
		};
		354A4D102C7F79640078E6D0 /* Frameworks */ = {
			isa = PBXFrameworksBuildPhase;
			buildActionMask = 2147483647;
			files = (
			);
			runOnlyForDeploymentPostprocessing = 0;
		};
		354A4D1A2C7F79640078E6D0 /* Frameworks */ = {
			isa = PBXFrameworksBuildPhase;
			buildActionMask = 2147483647;
			files = (
			);
			runOnlyForDeploymentPostprocessing = 0;
		};
/* End PBXFrameworksBuildPhase section */

/* Begin PBXGroup section */
		354A4CF42C7F79630078E6D0 = {
			isa = PBXGroup;
			children = (
				354A4CFF2C7F79630078E6D0 /* Calculadora Lola */,
				354A4D162C7F79640078E6D0 /* Calculadora LolaTests */,
				354A4D202C7F79640078E6D0 /* Calculadora LolaUITests */,
				354A4CFE2C7F79630078E6D0 /* Products */,
			);
			sourceTree = "<group>";
		};
		354A4CFE2C7F79630078E6D0 /* Products */ = {
			isa = PBXGroup;
			children = (
				354A4CFD2C7F79630078E6D0 /* Calculadora Lola.app */,
				354A4D132C7F79640078E6D0 /* Calculadora LolaTests.xctest */,
				354A4D1D2C7F79640078E6D0 /* Calculadora LolaUITests.xctest */,
			);
			name = Products;
			sourceTree = "<group>";
		};
		354A4CFF2C7F79630078E6D0 /* Calculadora Lola */ = {
			isa = PBXGroup;
			children = (
				FBDF064C2C8B579800FDBFA7 /* Modelo */,
				354A4D002C7F79630078E6D0 /* AppDelegate.swift */,
				354A4D022C7F79630078E6D0 /* SceneDelegate.swift */,
				354A4D042C7F79630078E6D0 /* ViewController.swift */,
				354A4D062C7F79630078E6D0 /* Main.storyboard */,
				354A4D092C7F79640078E6D0 /* Assets.xcassets */,
				354A4D0B2C7F79640078E6D0 /* LaunchScreen.storyboard */,
				354A4D0E2C7F79640078E6D0 /* Info.plist */,
			);
			path = "Calculadora Lola";
			sourceTree = "<group>";
		};
		354A4D162C7F79640078E6D0 /* Calculadora LolaTests */ = {
			isa = PBXGroup;
			children = (
				354A4D172C7F79640078E6D0 /* Calculadora_LolaTests.swift */,
			);
			path = "Calculadora LolaTests";
			sourceTree = "<group>";
		};
		354A4D202C7F79640078E6D0 /* Calculadora LolaUITests */ = {
			isa = PBXGroup;
			children = (
				354A4D212C7F79640078E6D0 /* Calculadora_LolaUITests.swift */,
				354A4D232C7F79640078E6D0 /* Calculadora_LolaUITestsLaunchTests.swift */,
			);
			path = "Calculadora LolaUITests";
			sourceTree = "<group>";
		};
		FBDF064C2C8B579800FDBFA7 /* Modelo */ = {
			isa = PBXGroup;
			children = (
				FBDF064D2C8B583D00FDBFA7 /* Interfaz */,
			);
			path = Modelo;
			sourceTree = "<group>";
		};
		FBDF064D2C8B583D00FDBFA7 /* Interfaz */ = {
			isa = PBXGroup;
			children = (
				FBDF06502C8B588B00FDBFA7 /* InterfazBotones.swift */,
			);
			path = Interfaz;
			sourceTree = "<group>";
		};
/* End PBXGroup section */

/* Begin PBXNativeTarget section */
		354A4CFC2C7F79630078E6D0 /* Calculadora Lola */ = {
			isa = PBXNativeTarget;
			buildConfigurationList = 354A4D272C7F79640078E6D0 /* Build configuration list for PBXNativeTarget "Calculadora Lola" */;
			buildPhases = (
				354A4CF92C7F79630078E6D0 /* Sources */,
				354A4CFA2C7F79630078E6D0 /* Frameworks */,
				354A4CFB2C7F79630078E6D0 /* Resources */,
			);
			buildRules = (
			);
			dependencies = (
			);
			name = "Calculadora Lola";
			productName = "Calculadora Lola";
			productReference = 354A4CFD2C7F79630078E6D0 /* Calculadora Lola.app */;
			productType = "com.apple.product-type.application";
		};
		354A4D122C7F79640078E6D0 /* Calculadora LolaTests */ = {
			isa = PBXNativeTarget;
			buildConfigurationList = 354A4D2A2C7F79640078E6D0 /* Build configuration list for PBXNativeTarget "Calculadora LolaTests" */;
			buildPhases = (
				354A4D0F2C7F79640078E6D0 /* Sources */,
				354A4D102C7F79640078E6D0 /* Frameworks */,
				354A4D112C7F79640078E6D0 /* Resources */,
			);
			buildRules = (
			);
			dependencies = (
				354A4D152C7F79640078E6D0 /* PBXTargetDependency */,
			);
			name = "Calculadora LolaTests";
			productName = "Calculadora LolaTests";
			productReference = 354A4D132C7F79640078E6D0 /* Calculadora LolaTests.xctest */;
			productType = "com.apple.product-type.bundle.unit-test";
		};
		354A4D1C2C7F79640078E6D0 /* Calculadora LolaUITests */ = {
			isa = PBXNativeTarget;
			buildConfigurationList = 354A4D2D2C7F79640078E6D0 /* Build configuration list for PBXNativeTarget "Calculadora LolaUITests" */;
			buildPhases = (
				354A4D192C7F79640078E6D0 /* Sources */,
				354A4D1A2C7F79640078E6D0 /* Frameworks */,
				354A4D1B2C7F79640078E6D0 /* Resources */,
			);
			buildRules = (
			);
			dependencies = (
				354A4D1F2C7F79640078E6D0 /* PBXTargetDependency */,
			);
			name = "Calculadora LolaUITests";
			productName = "Calculadora LolaUITests";
			productReference = 354A4D1D2C7F79640078E6D0 /* Calculadora LolaUITests.xctest */;
			productType = "com.apple.product-type.bundle.ui-testing";
		};
/* End PBXNativeTarget section */

/* Begin PBXProject section */
		354A4CF52C7F79630078E6D0 /* Project object */ = {
			isa = PBXProject;
			attributes = {
				BuildIndependentTargetsInParallel = 1;
				LastSwiftUpdateCheck = 1540;
				LastUpgradeCheck = 1540;
				TargetAttributes = {
					354A4CFC2C7F79630078E6D0 = {
						CreatedOnToolsVersion = 15.4;
					};
					354A4D122C7F79640078E6D0 = {
						CreatedOnToolsVersion = 15.4;
						TestTargetID = 354A4CFC2C7F79630078E6D0;
					};
					354A4D1C2C7F79640078E6D0 = {
						CreatedOnToolsVersion = 15.4;
						TestTargetID = 354A4CFC2C7F79630078E6D0;
					};
				};
			};
			buildConfigurationList = 354A4CF82C7F79630078E6D0 /* Build configuration list for PBXProject "Calculadora Lola" */;
			compatibilityVersion = "Xcode 14.0";
			developmentRegion = en;
			hasScannedForEncodings = 0;
			knownRegions = (
				en,
				Base,
			);
			mainGroup = 354A4CF42C7F79630078E6D0;
			productRefGroup = 354A4CFE2C7F79630078E6D0 /* Products */;
			projectDirPath = "";
			projectRoot = "";
			targets = (
				354A4CFC2C7F79630078E6D0 /* Calculadora Lola */,
				354A4D122C7F79640078E6D0 /* Calculadora LolaTests */,
				354A4D1C2C7F79640078E6D0 /* Calculadora LolaUITests */,
			);
		};
/* End PBXProject section */

/* Begin PBXResourcesBuildPhase section */
		354A4CFB2C7F79630078E6D0 /* Resources */ = {
			isa = PBXResourcesBuildPhase;
			buildActionMask = 2147483647;
			files = (
				354A4D0A2C7F79640078E6D0 /* Assets.xcassets in Resources */,
				354A4D0D2C7F79640078E6D0 /* Base in Resources */,
				354A4D082C7F79630078E6D0 /* Base in Resources */,
			);
			runOnlyForDeploymentPostprocessing = 0;
		};
		354A4D112C7F79640078E6D0 /* Resources */ = {
			isa = PBXResourcesBuildPhase;
			buildActionMask = 2147483647;
			files = (
			);
			runOnlyForDeploymentPostprocessing = 0;
		};
		354A4D1B2C7F79640078E6D0 /* Resources */ = {
			isa = PBXResourcesBuildPhase;
			buildActionMask = 2147483647;
			files = (
			);
			runOnlyForDeploymentPostprocessing = 0;
		};
/* End PBXResourcesBuildPhase section */

/* Begin PBXSourcesBuildPhase section */
		354A4CF92C7F79630078E6D0 /* Sources */ = {
			isa = PBXSourcesBuildPhase;
			buildActionMask = 2147483647;
			files = (
				354A4D052C7F79630078E6D0 /* ViewController.swift in Sources */,
				FBDF06512C8B588B00FDBFA7 /* InterfazBotones.swift in Sources */,
				354A4D012C7F79630078E6D0 /* AppDelegate.swift in Sources */,
				354A4D032C7F79630078E6D0 /* SceneDelegate.swift in Sources */,
			);
			runOnlyForDeploymentPostprocessing = 0;
		};
		354A4D0F2C7F79640078E6D0 /* Sources */ = {
			isa = PBXSourcesBuildPhase;
			buildActionMask = 2147483647;
			files = (
				354A4D182C7F79640078E6D0 /* Calculadora_LolaTests.swift in Sources */,
			);
			runOnlyForDeploymentPostprocessing = 0;
		};
		354A4D192C7F79640078E6D0 /* Sources */ = {
			isa = PBXSourcesBuildPhase;
			buildActionMask = 2147483647;
			files = (
				354A4D242C7F79640078E6D0 /* Calculadora_LolaUITestsLaunchTests.swift in Sources */,
				354A4D222C7F79640078E6D0 /* Calculadora_LolaUITests.swift in Sources */,
			);
			runOnlyForDeploymentPostprocessing = 0;
		};
/* End PBXSourcesBuildPhase section */

/* Begin PBXTargetDependency section */
		354A4D152C7F79640078E6D0 /* PBXTargetDependency */ = {
			isa = PBXTargetDependency;
			target = 354A4CFC2C7F79630078E6D0 /* Calculadora Lola */;
			targetProxy = 354A4D142C7F79640078E6D0 /* PBXContainerItemProxy */;
		};
		354A4D1F2C7F79640078E6D0 /* PBXTargetDependency */ = {
			isa = PBXTargetDependency;
			target = 354A4CFC2C7F79630078E6D0 /* Calculadora Lola */;
			targetProxy = 354A4D1E2C7F79640078E6D0 /* PBXContainerItemProxy */;
		};
/* End PBXTargetDependency section */

/* Begin PBXVariantGroup section */
		354A4D062C7F79630078E6D0 /* Main.storyboard */ = {
			isa = PBXVariantGroup;
			children = (
				354A4D072C7F79630078E6D0 /* Base */,
			);
			name = Main.storyboard;
			sourceTree = "<group>";
		};
		354A4D0B2C7F79640078E6D0 /* LaunchScreen.storyboard */ = {
			isa = PBXVariantGroup;
			children = (
				354A4D0C2C7F79640078E6D0 /* Base */,
			);
			name = LaunchScreen.storyboard;
			sourceTree = "<group>";
		};
/* End PBXVariantGroup section */

/* Begin XCBuildConfiguration section */
		354A4D252C7F79640078E6D0 /* Debug */ = {
			isa = XCBuildConfiguration;
			buildSettings = {
				ALWAYS_SEARCH_USER_PATHS = NO;
				ASSETCATALOG_COMPILER_GENERATE_SWIFT_ASSET_SYMBOL_EXTENSIONS = YES;
				CLANG_ANALYZER_NONNULL = YES;
				CLANG_ANALYZER_NUMBER_OBJECT_CONVERSION = YES_AGGRESSIVE;
				CLANG_CXX_LANGUAGE_STANDARD = "gnu++20";
				CLANG_ENABLE_MODULES = YES;
				CLANG_ENABLE_OBJC_ARC = YES;
				CLANG_ENABLE_OBJC_WEAK = YES;
				CLANG_WARN_BLOCK_CAPTURE_AUTORELEASING = YES;
				CLANG_WARN_BOOL_CONVERSION = YES;
				CLANG_WARN_COMMA = YES;
				CLANG_WARN_CONSTANT_CONVERSION = YES;
				CLANG_WARN_DEPRECATED_OBJC_IMPLEMENTATIONS = YES;
				CLANG_WARN_DIRECT_OBJC_ISA_USAGE = YES_ERROR;
				CLANG_WARN_DOCUMENTATION_COMMENTS = YES;
				CLANG_WARN_EMPTY_BODY = YES;
				CLANG_WARN_ENUM_CONVERSION = YES;
				CLANG_WARN_INFINITE_RECURSION = YES;
				CLANG_WARN_INT_CONVERSION = YES;
				CLANG_WARN_NON_LITERAL_NULL_CONVERSION = YES;
				CLANG_WARN_OBJC_IMPLICIT_RETAIN_SELF = YES;
				CLANG_WARN_OBJC_LITERAL_CONVERSION = YES;
				CLANG_WARN_OBJC_ROOT_CLASS = YES_ERROR;
				CLANG_WARN_QUOTED_INCLUDE_IN_FRAMEWORK_HEADER = YES;
				CLANG_WARN_RANGE_LOOP_ANALYSIS = YES;
				CLANG_WARN_STRICT_PROTOTYPES = YES;
				CLANG_WARN_SUSPICIOUS_MOVE = YES;
				CLANG_WARN_UNGUARDED_AVAILABILITY = YES_AGGRESSIVE;
				CLANG_WARN_UNREACHABLE_CODE = YES;
				CLANG_WARN__DUPLICATE_METHOD_MATCH = YES;
				COPY_PHASE_STRIP = NO;
				DEBUG_INFORMATION_FORMAT = dwarf;
				ENABLE_STRICT_OBJC_MSGSEND = YES;
				ENABLE_TESTABILITY = YES;
				ENABLE_USER_SCRIPT_SANDBOXING = YES;
				GCC_C_LANGUAGE_STANDARD = gnu17;
				GCC_DYNAMIC_NO_PIC = NO;
				GCC_NO_COMMON_BLOCKS = YES;
				GCC_OPTIMIZATION_LEVEL = 0;
				GCC_PREPROCESSOR_DEFINITIONS = (
					"DEBUG=1",
					"$(inherited)",
				);
				GCC_WARN_64_TO_32_BIT_CONVERSION = YES;
				GCC_WARN_ABOUT_RETURN_TYPE = YES_ERROR;
				GCC_WARN_UNDECLARED_SELECTOR = YES;
				GCC_WARN_UNINITIALIZED_AUTOS = YES_AGGRESSIVE;
				GCC_WARN_UNUSED_FUNCTION = YES;
				GCC_WARN_UNUSED_VARIABLE = YES;
				IPHONEOS_DEPLOYMENT_TARGET = 17.5;
				LOCALIZATION_PREFERS_STRING_CATALOGS = YES;
				MTL_ENABLE_DEBUG_INFO = INCLUDE_SOURCE;
				MTL_FAST_MATH = YES;
				ONLY_ACTIVE_ARCH = YES;
				SDKROOT = iphoneos;
				SWIFT_ACTIVE_COMPILATION_CONDITIONS = "DEBUG $(inherited)";
				SWIFT_OPTIMIZATION_LEVEL = "-Onone";
			};
			name = Debug;
		};
		354A4D262C7F79640078E6D0 /* Release */ = {
			isa = XCBuildConfiguration;
			buildSettings = {
				ALWAYS_SEARCH_USER_PATHS = NO;
				ASSETCATALOG_COMPILER_GENERATE_SWIFT_ASSET_SYMBOL_EXTENSIONS = YES;
				CLANG_ANALYZER_NONNULL = YES;
				CLANG_ANALYZER_NUMBER_OBJECT_CONVERSION = YES_AGGRESSIVE;
				CLANG_CXX_LANGUAGE_STANDARD = "gnu++20";
				CLANG_ENABLE_MODULES = YES;
				CLANG_ENABLE_OBJC_ARC = YES;
				CLANG_ENABLE_OBJC_WEAK = YES;
				CLANG_WARN_BLOCK_CAPTURE_AUTORELEASING = YES;
				CLANG_WARN_BOOL_CONVERSION = YES;
				CLANG_WARN_COMMA = YES;
				CLANG_WARN_CONSTANT_CONVERSION = YES;
				CLANG_WARN_DEPRECATED_OBJC_IMPLEMENTATIONS = YES;
				CLANG_WARN_DIRECT_OBJC_ISA_USAGE = YES_ERROR;
				CLANG_WARN_DOCUMENTATION_COMMENTS = YES;
				CLANG_WARN_EMPTY_BODY = YES;
				CLANG_WARN_ENUM_CONVERSION = YES;
				CLANG_WARN_INFINITE_RECURSION = YES;
				CLANG_WARN_INT_CONVERSION = YES;
				CLANG_WARN_NON_LITERAL_NULL_CONVERSION = YES;
				CLANG_WARN_OBJC_IMPLICIT_RETAIN_SELF = YES;
				CLANG_WARN_OBJC_LITERAL_CONVERSION = YES;
				CLANG_WARN_OBJC_ROOT_CLASS = YES_ERROR;
				CLANG_WARN_QUOTED_INCLUDE_IN_FRAMEWORK_HEADER = YES;
				CLANG_WARN_RANGE_LOOP_ANALYSIS = YES;
				CLANG_WARN_STRICT_PROTOTYPES = YES;
				CLANG_WARN_SUSPICIOUS_MOVE = YES;
				CLANG_WARN_UNGUARDED_AVAILABILITY = YES_AGGRESSIVE;
				CLANG_WARN_UNREACHABLE_CODE = YES;
				CLANG_WARN__DUPLICATE_METHOD_MATCH = YES;
				COPY_PHASE_STRIP = NO;
				DEBUG_INFORMATION_FORMAT = "dwarf-with-dsym";
				ENABLE_NS_ASSERTIONS = NO;
				ENABLE_STRICT_OBJC_MSGSEND = YES;
				ENABLE_USER_SCRIPT_SANDBOXING = YES;
				GCC_C_LANGUAGE_STANDARD = gnu17;
				GCC_NO_COMMON_BLOCKS = YES;
				GCC_WARN_64_TO_32_BIT_CONVERSION = YES;
				GCC_WARN_ABOUT_RETURN_TYPE = YES_ERROR;
				GCC_WARN_UNDECLARED_SELECTOR = YES;
				GCC_WARN_UNINITIALIZED_AUTOS = YES_AGGRESSIVE;
				GCC_WARN_UNUSED_FUNCTION = YES;
				GCC_WARN_UNUSED_VARIABLE = YES;
				IPHONEOS_DEPLOYMENT_TARGET = 17.5;
				LOCALIZATION_PREFERS_STRING_CATALOGS = YES;
				MTL_ENABLE_DEBUG_INFO = NO;
				MTL_FAST_MATH = YES;
				SDKROOT = iphoneos;
				SWIFT_COMPILATION_MODE = wholemodule;
				VALIDATE_PRODUCT = YES;
			};
			name = Release;
		};
		354A4D282C7F79640078E6D0 /* Debug */ = {
			isa = XCBuildConfiguration;
			buildSettings = {
				ASSETCATALOG_COMPILER_APPICON_NAME = AppIcon;
				ASSETCATALOG_COMPILER_GLOBAL_ACCENT_COLOR_NAME = AccentColor;
				CODE_SIGN_STYLE = Automatic;
				CURRENT_PROJECT_VERSION = 1;
				GENERATE_INFOPLIST_FILE = YES;
				INFOPLIST_FILE = "Calculadora Lola/Info.plist";
				INFOPLIST_KEY_UIApplicationSupportsIndirectInputEvents = YES;
				INFOPLIST_KEY_UILaunchStoryboardName = LaunchScreen;
				INFOPLIST_KEY_UIMainStoryboardFile = Main;
				INFOPLIST_KEY_UIStatusBarStyle = "";
				INFOPLIST_KEY_UISupportedInterfaceOrientations = "UIInterfaceOrientationLandscapeLeft UIInterfaceOrientationLandscapeRight UIInterfaceOrientationPortrait";
				INFOPLIST_KEY_UISupportedInterfaceOrientations_iPad = "UIInterfaceOrientationLandscapeLeft UIInterfaceOrientationLandscapeRight UIInterfaceOrientationPortrait UIInterfaceOrientationPortraitUpsideDown";
				IPHONEOS_DEPLOYMENT_TARGET = 17.5;
				LD_RUNPATH_SEARCH_PATHS = (
					"$(inherited)",
					"@executable_path/Frameworks",
				);
				MARKETING_VERSION = 0.1.0;
				PRODUCT_BUNDLE_IDENTIFIER = "mx.uacj.calculadora-lola.Calculadora-Lola";
				PRODUCT_NAME = "$(TARGET_NAME)";
				SWIFT_EMIT_LOC_STRINGS = YES;
				SWIFT_VERSION = 5.0;
				TARGETED_DEVICE_FAMILY = "1,2";
			};
			name = Debug;
		};
		354A4D292C7F79640078E6D0 /* Release */ = {
			isa = XCBuildConfiguration;
			buildSettings = {
				ASSETCATALOG_COMPILER_APPICON_NAME = AppIcon;
				ASSETCATALOG_COMPILER_GLOBAL_ACCENT_COLOR_NAME = AccentColor;
				CODE_SIGN_STYLE = Automatic;
				CURRENT_PROJECT_VERSION = 1;
				GENERATE_INFOPLIST_FILE = YES;
				INFOPLIST_FILE = "Calculadora Lola/Info.plist";
				INFOPLIST_KEY_UIApplicationSupportsIndirectInputEvents = YES;
				INFOPLIST_KEY_UILaunchStoryboardName = LaunchScreen;
				INFOPLIST_KEY_UIMainStoryboardFile = Main;
				INFOPLIST_KEY_UIStatusBarStyle = "";
				INFOPLIST_KEY_UISupportedInterfaceOrientations = "UIInterfaceOrientationLandscapeLeft UIInterfaceOrientationLandscapeRight UIInterfaceOrientationPortrait";
				INFOPLIST_KEY_UISupportedInterfaceOrientations_iPad = "UIInterfaceOrientationLandscapeLeft UIInterfaceOrientationLandscapeRight UIInterfaceOrientationPortrait UIInterfaceOrientationPortraitUpsideDown";
				IPHONEOS_DEPLOYMENT_TARGET = 17.5;
				LD_RUNPATH_SEARCH_PATHS = (
					"$(inherited)",
					"@executable_path/Frameworks",
				);
				MARKETING_VERSION = 0.1.0;
				PRODUCT_BUNDLE_IDENTIFIER = "mx.uacj.calculadora-lola.Calculadora-Lola";
				PRODUCT_NAME = "$(TARGET_NAME)";
				SWIFT_EMIT_LOC_STRINGS = YES;
				SWIFT_VERSION = 5.0;
				TARGETED_DEVICE_FAMILY = "1,2";
			};
			name = Release;
		};
		354A4D2B2C7F79640078E6D0 /* Debug */ = {
			isa = XCBuildConfiguration;
			buildSettings = {
				ALWAYS_EMBED_SWIFT_STANDARD_LIBRARIES = YES;
				BUNDLE_LOADER = "$(TEST_HOST)";
				CODE_SIGN_STYLE = Automatic;
				CURRENT_PROJECT_VERSION = 1;
				GENERATE_INFOPLIST_FILE = YES;
				IPHONEOS_DEPLOYMENT_TARGET = 17.5;
				MARKETING_VERSION = 1.0;
				PRODUCT_BUNDLE_IDENTIFIER = "mx.uacj.calculadora-lola.Calculadora-LolaTests";
				PRODUCT_NAME = "$(TARGET_NAME)";
				SWIFT_EMIT_LOC_STRINGS = NO;
				SWIFT_VERSION = 5.0;
				TARGETED_DEVICE_FAMILY = "1,2";
				TEST_HOST = "$(BUILT_PRODUCTS_DIR)/Calculadora Lola.app/$(BUNDLE_EXECUTABLE_FOLDER_PATH)/Calculadora Lola";
			};
			name = Debug;
		};
		354A4D2C2C7F79640078E6D0 /* Release */ = {
			isa = XCBuildConfiguration;
			buildSettings = {
				ALWAYS_EMBED_SWIFT_STANDARD_LIBRARIES = YES;
				BUNDLE_LOADER = "$(TEST_HOST)";
				CODE_SIGN_STYLE = Automatic;
				CURRENT_PROJECT_VERSION = 1;
				GENERATE_INFOPLIST_FILE = YES;
				IPHONEOS_DEPLOYMENT_TARGET = 17.5;
				MARKETING_VERSION = 1.0;
				PRODUCT_BUNDLE_IDENTIFIER = "mx.uacj.calculadora-lola.Calculadora-LolaTests";
				PRODUCT_NAME = "$(TARGET_NAME)";
				SWIFT_EMIT_LOC_STRINGS = NO;
				SWIFT_VERSION = 5.0;
				TARGETED_DEVICE_FAMILY = "1,2";
				TEST_HOST = "$(BUILT_PRODUCTS_DIR)/Calculadora Lola.app/$(BUNDLE_EXECUTABLE_FOLDER_PATH)/Calculadora Lola";
			};
			name = Release;
		};
		354A4D2E2C7F79640078E6D0 /* Debug */ = {
			isa = XCBuildConfiguration;
			buildSettings = {
				ALWAYS_EMBED_SWIFT_STANDARD_LIBRARIES = YES;
				CODE_SIGN_STYLE = Automatic;
				CURRENT_PROJECT_VERSION = 1;
				GENERATE_INFOPLIST_FILE = YES;
				MARKETING_VERSION = 1.0;
				PRODUCT_BUNDLE_IDENTIFIER = "mx.uacj.calculadora-lola.Calculadora-LolaUITests";
				PRODUCT_NAME = "$(TARGET_NAME)";
				SWIFT_EMIT_LOC_STRINGS = NO;
				SWIFT_VERSION = 5.0;
				TARGETED_DEVICE_FAMILY = "1,2";
				TEST_TARGET_NAME = "Calculadora Lola";
			};
			name = Debug;
		};
		354A4D2F2C7F79640078E6D0 /* Release */ = {
			isa = XCBuildConfiguration;
			buildSettings = {
				ALWAYS_EMBED_SWIFT_STANDARD_LIBRARIES = YES;
				CODE_SIGN_STYLE = Automatic;
				CURRENT_PROJECT_VERSION = 1;
				GENERATE_INFOPLIST_FILE = YES;
				MARKETING_VERSION = 1.0;
				PRODUCT_BUNDLE_IDENTIFIER = "mx.uacj.calculadora-lola.Calculadora-LolaUITests";
				PRODUCT_NAME = "$(TARGET_NAME)";
				SWIFT_EMIT_LOC_STRINGS = NO;
				SWIFT_VERSION = 5.0;
				TARGETED_DEVICE_FAMILY = "1,2";
				TEST_TARGET_NAME = "Calculadora Lola";
			};
			name = Release;
		};
/* End XCBuildConfiguration section */

/* Begin XCConfigurationList section */
		354A4CF82C7F79630078E6D0 /* Build configuration list for PBXProject "Calculadora Lola" */ = {
			isa = XCConfigurationList;
			buildConfigurations = (
				354A4D252C7F79640078E6D0 /* Debug */,
				354A4D262C7F79640078E6D0 /* Release */,
			);
			defaultConfigurationIsVisible = 0;
			defaultConfigurationName = Release;
		};
		354A4D272C7F79640078E6D0 /* Build configuration list for PBXNativeTarget "Calculadora Lola" */ = {
			isa = XCConfigurationList;
			buildConfigurations = (
				354A4D282C7F79640078E6D0 /* Debug */,
				354A4D292C7F79640078E6D0 /* Release */,
			);
			defaultConfigurationIsVisible = 0;
			defaultConfigurationName = Release;
		};
		354A4D2A2C7F79640078E6D0 /* Build configuration list for PBXNativeTarget "Calculadora LolaTests" */ = {
			isa = XCConfigurationList;
			buildConfigurations = (
				354A4D2B2C7F79640078E6D0 /* Debug */,
				354A4D2C2C7F79640078E6D0 /* Release */,
			);
			defaultConfigurationIsVisible = 0;
			defaultConfigurationName = Release;
		};
		354A4D2D2C7F79640078E6D0 /* Build configuration list for PBXNativeTarget "Calculadora LolaUITests" */ = {
			isa = XCConfigurationList;
			buildConfigurations = (
				354A4D2E2C7F79640078E6D0 /* Debug */,
				354A4D2F2C7F79640078E6D0 /* Release */,
			);
			defaultConfigurationIsVisible = 0;
			defaultConfigurationName = Release;
		};
/* End XCConfigurationList section */
	};
	rootObject = 354A4CF52C7F79630078E6D0 /* Project object */;
}
